
Microsoft Visual Studio Solution File, Format Version 12.00
# Visual Studio Version 16
VisualStudioVersion = 16.0.30011.22
MinimumVisualStudioVersion = 10.0.40219.1
Project("{FAE04EC0-301F-11D3-BF4B-00C04F79EFBC}") = "CVSubTask", "CVSubTask.csproj", "{1FC21DC7-961D-4E7A-B2B5-76CC01C1B398}"
EndProject
Global
	GlobalSection(SolutionConfigurationPlatforms) = preSolution
		Debug|Any CPU = Debug|Any CPU
		Release|Any CPU = Release|Any CPU
	EndGlobalSection
	GlobalSection(ProjectConfigurationPlatforms) = postSolution
		{1FC21DC7-961D-4E7A-B2B5-76CC01C1B398}.Debug|Any CPU.ActiveCfg = Debug|Any CPU
		{1FC21DC7-961D-4E7A-B2B5-76CC01C1B398}.Debug|Any CPU.Build.0 = Debug|Any CPU
		{1FC21DC7-961D-4E7A-B2B5-76CC01C1B398}.Release|Any CPU.ActiveCfg = Release|Any CPU
		{1FC21DC7-961D-4E7A-B2B5-76CC01C1B398}.Release|Any CPU.Build.0 = Release|Any CPU
	EndGlobalSection
	GlobalSection(SolutionProperties) = preSolution
		HideSolutionNode = FALSE
	EndGlobalSection
	GlobalSection(ExtensibilityGlobals) = postSolution
		SolutionGuid = {0EC92941-B0FD-474B-B7F9-3C3C948C0A63}
	EndGlobalSection
EndGlobal
